{
  "name": "digital-emergency-plan-generator",
  "version": "1.0.0",
  "lockfileVersion": 3,
  "requires": true,
  "packages": {
    "": {
      "name": "digital-emergency-plan-generator",
      "version": "1.0.0",
      "license": "UNLICENSED",
      "dependencies": {
        "superpowers-zh": "^1.6.0"
      }
    },
    "node_modules/superpowers-zh": {
      "version": "1.6.0",
      "resolved": "https://registry.npmjs.org/superpowers-zh/-/superpowers-zh-1.6.0.tgz",
      "integrity": "sha512-MCcqbpb0JHG0n/+KJPtnLJ5PpnT06MMuuldjTk+FRkVCzCwbFWmMgo1o0c7syT9qVAzz9OnE4E9krKXBuGLa7w==",
      "license": "MIT",
      "bin": {
        "superpowers-zh": "bin/superpowers-zh.js"
      },
      "engines": {
        "node": ">=20.0.0"
      }
    }
  }
}
